
Microsoft Visual Studio Solution File, Format Version 12.00
# Visual Studio Version 17
VisualStudioVersion = 17.0.31903.59
MinimumVisualStudioVersion = 10.0.40219.1
Project("{2150E333-8FDC-42A3-9474-1A3956D46DE8}") = "src", "src", "{827E0CD3-B72D-47B6-A68D-7590B98EB39B}"
EndProject
Project("{FAE04EC0-301F-11D3-BF4B-00C04F79EFBC}") = "FilesPlusPlus.Core", "src\FilesPlusPlus.Core\FilesPlusPlus.Core.csproj", "{D15A62DC-AB8E-4A4F-B5CF-484EB3300456}"
EndProject
Project("{FAE04EC0-301F-11D3-BF4B-00C04F79EFBC}") = "FilesPlusPlus.App", "src\FilesPlusPlus.App\FilesPlusPlus.App.csproj", "{B5FD97BE-5E3A-4777-8A68-DAB263DE2BF4}"
EndProject
Project("{2150E333-8FDC-42A3-9474-1A3956D46DE8}") = "tests", "tests", "{0AB3BF05-4346-4AA6-1389-037BE0695223}"
EndProject
Project("{FAE04EC0-301F-11D3-BF4B-00C04F79EFBC}") = "FilesPlusPlus.Core.Tests", "tests\FilesPlusPlus.Core.Tests\FilesPlusPlus.Core.Tests.csproj", "{8555A4B0-DF8E-4C01-A01D-99B01AF0611F}"
EndProject
Global
	GlobalSection(SolutionConfigurationPlatforms) = preSolution
		Debug|Any CPU = Debug|Any CPU
		Debug|x64 = Debug|x64
		Debug|x86 = Debug|x86
		Release|Any CPU = Release|Any CPU
		Release|x64 = Release|x64
		Release|x86 = Release|x86
	EndGlobalSection
	GlobalSection(ProjectConfigurationPlatforms) = postSolution
		{D15A62DC-AB8E-4A4F-B5CF-484EB3300456}.Debug|Any CPU.ActiveCfg = Debug|Any CPU
		{D15A62DC-AB8E-4A4F-B5CF-484EB3300456}.Debug|Any CPU.Build.0 = Debug|Any CPU
		{D15A62DC-AB8E-4A4F-B5CF-484EB3300456}.Debug|x64.ActiveCfg = Debug|Any CPU
		{D15A62DC-AB8E-4A4F-B5CF-484EB3300456}.Debug|x64.Build.0 = Debug|Any CPU
		{D15A62DC-AB8E-4A4F-B5CF-484EB3300456}.Debug|x86.ActiveCfg = Debug|Any CPU
		{D15A62DC-AB8E-4A4F-B5CF-484EB3300456}.Debug|x86.Build.0 = Debug|Any CPU
		{D15A62DC-AB8E-4A4F-B5CF-484EB3300456}.Release|Any CPU.ActiveCfg = Release|Any CPU
		{D15A62DC-AB8E-4A4F-B5CF-484EB3300456}.Release|Any CPU.Build.0 = Release|Any CPU
		{D15A62DC-AB8E-4A4F-B5CF-484EB3300456}.Release|x64.ActiveCfg = Release|Any CPU
		{D15A62DC-AB8E-4A4F-B5CF-484EB3300456}.Release|x64.Build.0 = Release|Any CPU
		{D15A62DC-AB8E-4A4F-B5CF-484EB3300456}.Release|x86.ActiveCfg = Release|Any CPU
		{D15A62DC-AB8E-4A4F-B5CF-484EB3300456}.Release|x86.Build.0 = Release|Any CPU
		{B5FD97BE-5E3A-4777-8A68-DAB263DE2BF4}.Debug|Any CPU.ActiveCfg = Debug|x86
		{B5FD97BE-5E3A-4777-8A68-DAB263DE2BF4}.Debug|Any CPU.Build.0 = Debug|x86
		{B5FD97BE-5E3A-4777-8A68-DAB263DE2BF4}.Debug|x64.ActiveCfg = Debug|x64
		{B5FD97BE-5E3A-4777-8A68-DAB263DE2BF4}.Debug|x64.Build.0 = Debug|x64
		{B5FD97BE-5E3A-4777-8A68-DAB263DE2BF4}.Debug|x86.ActiveCfg = Debug|x86
		{B5FD97BE-5E3A-4777-8A68-DAB263DE2BF4}.Debug|x86.Build.0 = Debug|x86
		{B5FD97BE-5E3A-4777-8A68-DAB263DE2BF4}.Release|Any CPU.ActiveCfg = Release|x86
		{B5FD97BE-5E3A-4777-8A68-DAB263DE2BF4}.Release|Any CPU.Build.0 = Release|x86
		{B5FD97BE-5E3A-4777-8A68-DAB263DE2BF4}.Release|x64.ActiveCfg = Release|x64
		{B5FD97BE-5E3A-4777-8A68-DAB263DE2BF4}.Release|x64.Build.0 = Release|x64
		{B5FD97BE-5E3A-4777-8A68-DAB263DE2BF4}.Release|x86.ActiveCfg = Release|x86
		{B5FD97BE-5E3A-4777-8A68-DAB263DE2BF4}.Release|x86.Build.0 = Release|x86
		{8555A4B0-DF8E-4C01-A01D-99B01AF0611F}.Debug|Any CPU.ActiveCfg = Debug|Any CPU
		{8555A4B0-DF8E-4C01-A01D-99B01AF0611F}.Debug|Any CPU.Build.0 = Debug|Any CPU
		{8555A4B0-DF8E-4C01-A01D-99B01AF0611F}.Debug|x64.ActiveCfg = Debug|Any CPU
		{8555A4B0-DF8E-4C01-A01D-99B01AF0611F}.Debug|x64.Build.0 = Debug|Any CPU
		{8555A4B0-DF8E-4C01-A01D-99B01AF0611F}.Debug|x86.ActiveCfg = Debug|Any CPU
		{8555A4B0-DF8E-4C01-A01D-99B01AF0611F}.Debug|x86.Build.0 = Debug|Any CPU
		{8555A4B0-DF8E-4C01-A01D-99B01AF0611F}.Release|Any CPU.ActiveCfg = Release|Any CPU
		{8555A4B0-DF8E-4C01-A01D-99B01AF0611F}.Release|Any CPU.Build.0 = Release|Any CPU
		{8555A4B0-DF8E-4C01-A01D-99B01AF0611F}.Release|x64.ActiveCfg = Release|Any CPU
		{8555A4B0-DF8E-4C01-A01D-99B01AF0611F}.Release|x64.Build.0 = Release|Any CPU
		{8555A4B0-DF8E-4C01-A01D-99B01AF0611F}.Release|x86.ActiveCfg = Release|Any CPU
		{8555A4B0-DF8E-4C01-A01D-99B01AF0611F}.Release|x86.Build.0 = Release|Any CPU
	EndGlobalSection
	GlobalSection(SolutionProperties) = preSolution
		HideSolutionNode = FALSE
	EndGlobalSection
	GlobalSection(NestedProjects) = preSolution
		{D15A62DC-AB8E-4A4F-B5CF-484EB3300456} = {827E0CD3-B72D-47B6-A68D-7590B98EB39B}
		{B5FD97BE-5E3A-4777-8A68-DAB263DE2BF4} = {827E0CD3-B72D-47B6-A68D-7590B98EB39B}
		{8555A4B0-DF8E-4C01-A01D-99B01AF0611F} = {0AB3BF05-4346-4AA6-1389-037BE0695223}
	EndGlobalSection
EndGlobal
